
Microsoft Visual Studio Solution File, Format Version 12.00
# Visual Studio Version 16
VisualStudioVersion = 16.0.30204.135
MinimumVisualStudioVersion = 10.0.40219.1
Project("{9A19103F-16F7-4668-BE54-9A1E7A4F7556}") = "HttpHelper", "src\HttpHelper\HttpHelper.csproj", "{E71BF2E9-A585-4553-93D7-044074EE848C}"
EndProject
Project("{2150E333-8FDC-42A3-9474-1A3956D46DE8}") = "Solution Items", "Solution Items", "{14B18535-232C-482E-8C80-9F8BBE72E7BB}"
	ProjectSection(SolutionItems) = preProject
		.editorconfig = .editorconfig
	EndProjectSection
EndProject
Project("{FAE04EC0-301F-11D3-BF4B-00C04F79EFBC}") = "HttpHelper.Test", "src\HttpHelper.Test\HttpHelper.Test.csproj", "{21320AF5-B933-46FD-8517-6045E880E31F}"
EndProject
Global
	GlobalSection(SolutionConfigurationPlatforms) = preSolution
		Debug|Any CPU = Debug|Any CPU
		Release|Any CPU = Release|Any CPU
	EndGlobalSection
	GlobalSection(ProjectConfigurationPlatforms) = postSolution
		{E71BF2E9-A585-4553-93D7-044074EE848C}.Debug|Any CPU.ActiveCfg = Debug|Any CPU
		{E71BF2E9-A585-4553-93D7-044074EE848C}.Debug|Any CPU.Build.0 = Debug|Any CPU
		{E71BF2E9-A585-4553-93D7-044074EE848C}.Release|Any CPU.ActiveCfg = Release|Any CPU
		{E71BF2E9-A585-4553-93D7-044074EE848C}.Release|Any CPU.Build.0 = Release|Any CPU
		{21320AF5-B933-46FD-8517-6045E880E31F}.Debug|Any CPU.ActiveCfg = Debug|Any CPU
		{21320AF5-B933-46FD-8517-6045E880E31F}.Debug|Any CPU.Build.0 = Debug|Any CPU
		{21320AF5-B933-46FD-8517-6045E880E31F}.Release|Any CPU.ActiveCfg = Release|Any CPU
		{21320AF5-B933-46FD-8517-6045E880E31F}.Release|Any CPU.Build.0 = Release|Any CPU
	EndGlobalSection
	GlobalSection(SolutionProperties) = preSolution
		HideSolutionNode = FALSE
	EndGlobalSection
	GlobalSection(ExtensibilityGlobals) = postSolution
		SolutionGuid = {DCF0800E-DD37-40F6-9031-B6F5CFE673B1}
	EndGlobalSection
EndGlobal
